// !$*UTF8*$!
{
	archiveVersion = 1;
	classes = {
	};
	objectVersion = 46;
	objects = {

/* Begin PBXBuildFile section */
		801A663C1E38A1AD00F52526 /* AppDelegate.swift in Sources */ = {isa = PBXBuildFile; fileRef = 801A663B1E38A1AD00F52526 /* AppDelegate.swift */; };
		801A663E1E38A1AD00F52526 /* ViewController.swift in Sources */ = {isa = PBXBuildFile; fileRef = 801A663D1E38A1AD00F52526 /* ViewController.swift */; };
		801A66411E38A1AD00F52526 /* Main.storyboard in Resources */ = {isa = PBXBuildFile; fileRef = 801A663F1E38A1AD00F52526 /* Main.storyboard */; };
		801A66431E38A1AD00F52526 /* Assets.xcassets in Resources */ = {isa = PBXBuildFile; fileRef = 801A66421E38A1AD00F52526 /* Assets.xcassets */; };
		801A66461E38A1AD00F52526 /* LaunchScreen.storyboard in Resources */ = {isa = PBXBuildFile; fileRef = 801A66441E38A1AD00F52526 /* LaunchScreen.storyboard */; };
		801A66511E38A1AD00F52526 /* MovieBuffTests.swift in Sources */ = {isa = PBXBuildFile; fileRef = 801A66501E38A1AD00F52526 /* MovieBuffTests.swift */; };
		801A665C1E38A1AD00F52526 /* MovieBuffUITests.swift in Sources */ = {isa = PBXBuildFile; fileRef = 801A665B1E38A1AD00F52526 /* MovieBuffUITests.swift */; };
		801A666C1E38A3CA00F52526 /* HomeViewController.swift in Sources */ = {isa = PBXBuildFile; fileRef = 801A666A1E38A3CA00F52526 /* HomeViewController.swift */; };
		801A666D1E38A3CA00F52526 /* HomeViewController.xib in Resources */ = {isa = PBXBuildFile; fileRef = 801A666B1E38A3CA00F52526 /* HomeViewController.xib */; };
		804AA4321E3B78F400183AAC /* MovieStoryboard.storyboard in Resources */ = {isa = PBXBuildFile; fileRef = 804AA4311E3B78F400183AAC /* MovieStoryboard.storyboard */; };
/* End PBXBuildFile section */

/* Begin PBXContainerItemProxy section */
		801A664D1E38A1AD00F52526 /* PBXContainerItemProxy */ = {
			isa = PBXContainerItemProxy;
			containerPortal = 801A66301E38A1AD00F52526 /* Project object */;
			proxyType = 1;
			remoteGlobalIDString = 801A66371E38A1AD00F52526;
			remoteInfo = MovieBuff;
		};
		801A66581E38A1AD00F52526 /* PBXContainerItemProxy */ = {
			isa = PBXContainerItemProxy;
			containerPortal = 801A66301E38A1AD00F52526 /* Project object */;
			proxyType = 1;
			remoteGlobalIDString = 801A66371E38A1AD00F52526;
			remoteInfo = MovieBuff;
		};
/* End PBXContainerItemProxy section */

/* Begin PBXFileReference section */
		801A66381E38A1AD00F52526 /* MovieBuff.app */ = {isa = PBXFileReference; explicitFileType = wrapper.application; includeInIndex = 0; path = MovieBuff.app; sourceTree = BUILT_PRODUCTS_DIR; };
		801A663B1E38A1AD00F52526 /* AppDelegate.swift */ = {isa = PBXFileReference; lastKnownFileType = sourcecode.swift; path = AppDelegate.swift; sourceTree = "<group>"; };
		801A663D1E38A1AD00F52526 /* ViewController.swift */ = {isa = PBXFileReference; lastKnownFileType = sourcecode.swift; path = ViewController.swift; sourceTree = "<group>"; };
		801A66401E38A1AD00F52526 /* Base */ = {isa = PBXFileReference; lastKnownFileType = file.storyboard; name = Base; path = Base.lproj/Main.storyboard; sourceTree = "<group>"; };
		801A66421E38A1AD00F52526 /* Assets.xcassets */ = {isa = PBXFileReference; lastKnownFileType = folder.assetcatalog; path = Assets.xcassets; sourceTree = "<group>"; };
		801A66451E38A1AD00F52526 /* Base */ = {isa = PBXFileReference; lastKnownFileType = file.storyboard; name = Base; path = Base.lproj/LaunchScreen.storyboard; sourceTree = "<group>"; };
		801A66471E38A1AD00F52526 /* Info.plist */ = {isa = PBXFileReference; lastKnownFileType = text.plist.xml; path = Info.plist; sourceTree = "<group>"; };
		801A664C1E38A1AD00F52526 /* MovieBuffTests.xctest */ = {isa = PBXFileReference; explicitFileType = wrapper.cfbundle; includeInIndex = 0; path = MovieBuffTests.xctest; sourceTree = BUILT_PRODUCTS_DIR; };
		801A66501E38A1AD00F52526 /* MovieBuffTests.swift */ = {isa = PBXFileReference; lastKnownFileType = sourcecode.swift; path = MovieBuffTests.swift; sourceTree = "<group>"; };
		801A66521E38A1AD00F52526 /* Info.plist */ = {isa = PBXFileReference; lastKnownFileType = text.plist.xml; path = Info.plist; sourceTree = "<group>"; };
		801A66571E38A1AD00F52526 /* MovieBuffUITests.xctest */ = {isa = PBXFileReference; explicitFileType = wrapper.cfbundle; includeInIndex = 0; path = MovieBuffUITests.xctest; sourceTree = BUILT_PRODUCTS_DIR; };
		801A665B1E38A1AD00F52526 /* MovieBuffUITests.swift */ = {isa = PBXFileReference; lastKnownFileType = sourcecode.swift; path = MovieBuffUITests.swift; sourceTree = "<group>"; };
		801A665D1E38A1AD00F52526 /* Info.plist */ = {isa = PBXFileReference; lastKnownFileType = text.plist.xml; path = Info.plist; sourceTree = "<group>"; };
		801A666A1E38A3CA00F52526 /* HomeViewController.swift */ = {isa = PBXFileReference; fileEncoding = 4; lastKnownFileType = sourcecode.swift; name = HomeViewController.swift; path = UI/HomeViewController.swift; sourceTree = "<group>"; };
		801A666B1E38A3CA00F52526 /* HomeViewController.xib */ = {isa = PBXFileReference; fileEncoding = 4; lastKnownFileType = file.xib; name = HomeViewController.xib; path = UI/HomeViewController.xib; sourceTree = "<group>"; };
		804AA4311E3B78F400183AAC /* MovieStoryboard.storyboard */ = {isa = PBXFileReference; fileEncoding = 4; lastKnownFileType = file.storyboard; name = MovieStoryboard.storyboard; path = UI/MovieStoryboard.storyboard; sourceTree = "<group>"; };
/* End PBXFileReference section */

/* Begin PBXFrameworksBuildPhase section */
		801A66351E38A1AD00F52526 /* Frameworks */ = {
			isa = PBXFrameworksBuildPhase;
			buildActionMask = 2147483647;
			files = (
			);
			runOnlyForDeploymentPostprocessing = 0;
		};
		801A66491E38A1AD00F52526 /* Frameworks */ = {
			isa = PBXFrameworksBuildPhase;
			buildActionMask = 2147483647;
			files = (
			);
			runOnlyForDeploymentPostprocessing = 0;
		};
		801A66541E38A1AD00F52526 /* Frameworks */ = {
			isa = PBXFrameworksBuildPhase;
			buildActionMask = 2147483647;
			files = (
			);
			runOnlyForDeploymentPostprocessing = 0;
		};
/* End PBXFrameworksBuildPhase section */

/* Begin PBXGroup section */
		801A662F1E38A1AD00F52526 = {
			isa = PBXGroup;
			children = (
				801A663A1E38A1AD00F52526 /* MovieBuff */,
				801A664F1E38A1AD00F52526 /* MovieBuffTests */,
				801A665A1E38A1AD00F52526 /* MovieBuffUITests */,
				801A66391E38A1AD00F52526 /* Products */,
			);
			sourceTree = "<group>";
		};
		801A66391E38A1AD00F52526 /* Products */ = {
			isa = PBXGroup;
			children = (
				801A66381E38A1AD00F52526 /* MovieBuff.app */,
				801A664C1E38A1AD00F52526 /* MovieBuffTests.xctest */,
				801A66571E38A1AD00F52526 /* MovieBuffUITests.xctest */,
			);
			name = Products;
			sourceTree = "<group>";
		};
		801A663A1E38A1AD00F52526 /* MovieBuff */ = {
			isa = PBXGroup;
			children = (
				801A66691E38A3AE00F52526 /* UI */,
				801A663B1E38A1AD00F52526 /* AppDelegate.swift */,
				801A663D1E38A1AD00F52526 /* ViewController.swift */,
				801A663F1E38A1AD00F52526 /* Main.storyboard */,
				801A66421E38A1AD00F52526 /* Assets.xcassets */,
				801A66441E38A1AD00F52526 /* LaunchScreen.storyboard */,
				801A66471E38A1AD00F52526 /* Info.plist */,
			);
			path = MovieBuff;
			sourceTree = "<group>";
		};
		801A664F1E38A1AD00F52526 /* MovieBuffTests */ = {
			isa = PBXGroup;
			children = (
				801A66501E38A1AD00F52526 /* MovieBuffTests.swift */,
				801A66521E38A1AD00F52526 /* Info.plist */,
			);
			path = MovieBuffTests;
			sourceTree = "<group>";
		};
		801A665A1E38A1AD00F52526 /* MovieBuffUITests */ = {
			isa = PBXGroup;
			children = (
				801A665B1E38A1AD00F52526 /* MovieBuffUITests.swift */,
				801A665D1E38A1AD00F52526 /* Info.plist */,
			);
			path = MovieBuffUITests;
			sourceTree = "<group>";
		};
		801A66691E38A3AE00F52526 /* UI */ = {
			isa = PBXGroup;
			children = (
				801A666A1E38A3CA00F52526 /* HomeViewController.swift */,
				801A666B1E38A3CA00F52526 /* HomeViewController.xib */,
				804AA4311E3B78F400183AAC /* MovieStoryboard.storyboard */,
			);
			name = UI;
			sourceTree = "<group>";
		};
/* End PBXGroup section */

/* Begin PBXNativeTarget section */
		801A66371E38A1AD00F52526 /* MovieBuff */ = {
			isa = PBXNativeTarget;
			buildConfigurationList = 801A66601E38A1AD00F52526 /* Build configuration list for PBXNativeTarget "MovieBuff" */;
			buildPhases = (
				801A66341E38A1AD00F52526 /* Sources */,
				801A66351E38A1AD00F52526 /* Frameworks */,
				801A66361E38A1AD00F52526 /* Resources */,
			);
			buildRules = (
			);
			dependencies = (
			);
			name = MovieBuff;
			productName = MovieBuff;
			productReference = 801A66381E38A1AD00F52526 /* MovieBuff.app */;
			productType = "com.apple.product-type.application";
		};
		801A664B1E38A1AD00F52526 /* MovieBuffTests */ = {
			isa = PBXNativeTarget;
			buildConfigurationList = 801A66631E38A1AD00F52526 /* Build configuration list for PBXNativeTarget "MovieBuffTests" */;
			buildPhases = (
				801A66481E38A1AD00F52526 /* Sources */,
				801A66491E38A1AD00F52526 /* Frameworks */,
				801A664A1E38A1AD00F52526 /* Resources */,
			);
			buildRules = (
			);
			dependencies = (
				801A664E1E38A1AD00F52526 /* PBXTargetDependency */,
			);
			name = MovieBuffTests;
			productName = MovieBuffTests;
			productReference = 801A664C1E38A1AD00F52526 /* MovieBuffTests.xctest */;
			productType = "com.apple.product-type.bundle.unit-test";
		};
		801A66561E38A1AD00F52526 /* MovieBuffUITests */ = {
			isa = PBXNativeTarget;
			buildConfigurationList = 801A66661E38A1AD00F52526 /* Build configuration list for PBXNativeTarget "MovieBuffUITests" */;
			buildPhases = (
				801A66531E38A1AD00F52526 /* Sources */,
				801A66541E38A1AD00F52526 /* Frameworks */,
				801A66551E38A1AD00F52526 /* Resources */,
			);
			buildRules = (
			);
			dependencies = (
				801A66591E38A1AD00F52526 /* PBXTargetDependency */,
			);
			name = MovieBuffUITests;
			productName = MovieBuffUITests;
			productReference = 801A66571E38A1AD00F52526 /* MovieBuffUITests.xctest */;
			productType = "com.apple.product-type.bundle.ui-testing";
		};
/* End PBXNativeTarget section */

/* Begin PBXProject section */
		801A66301E38A1AD00F52526 /* Project object */ = {
			isa = PBXProject;
			attributes = {
				LastSwiftUpdateCheck = 0820;
				LastUpgradeCheck = 0820;
				ORGANIZATIONNAME = Mahendra;
				TargetAttributes = {
					801A66371E38A1AD00F52526 = {
						CreatedOnToolsVersion = 8.2.1;
						DevelopmentTeam = B9C7GRQCYQ;
						ProvisioningStyle = Automatic;
					};
					801A664B1E38A1AD00F52526 = {
						CreatedOnToolsVersion = 8.2.1;
						ProvisioningStyle = Automatic;
						TestTargetID = 801A66371E38A1AD00F52526;
					};
					801A66561E38A1AD00F52526 = {
						CreatedOnToolsVersion = 8.2.1;
						ProvisioningStyle = Automatic;
						TestTargetID = 801A66371E38A1AD00F52526;
					};
				};
			};
			buildConfigurationList = 801A66331E38A1AD00F52526 /* Build configuration list for PBXProject "MovieBuff" */;
			compatibilityVersion = "Xcode 3.2";
			developmentRegion = English;
			hasScannedForEncodings = 0;
			knownRegions = (
				en,
				Base,
			);
			mainGroup = 801A662F1E38A1AD00F52526;
			productRefGroup = 801A66391E38A1AD00F52526 /* Products */;
			projectDirPath = "";
			projectRoot = "";
			targets = (
				801A66371E38A1AD00F52526 /* MovieBuff */,
				801A664B1E38A1AD00F52526 /* MovieBuffTests */,
				801A66561E38A1AD00F52526 /* MovieBuffUITests */,
			);
		};
/* End PBXProject section */

/* Begin PBXResourcesBuildPhase section */
		801A66361E38A1AD00F52526 /* Resources */ = {
			isa = PBXResourcesBuildPhase;
			buildActionMask = 2147483647;
			files = (
				801A66461E38A1AD00F52526 /* LaunchScreen.storyboard in Resources */,
				801A66431E38A1AD00F52526 /* Assets.xcassets in Resources */,
				804AA4321E3B78F400183AAC /* MovieStoryboard.storyboard in Resources */,
				801A66411E38A1AD00F52526 /* Main.storyboard in Resources */,
				801A666D1E38A3CA00F52526 /* HomeViewController.xib in Resources */,
			);
			runOnlyForDeploymentPostprocessing = 0;
		};
		801A664A1E38A1AD00F52526 /* Resources */ = {
			isa = PBXResourcesBuildPhase;
			buildActionMask = 2147483647;
			files = (
			);
			runOnlyForDeploymentPostprocessing = 0;
		};
		801A66551E38A1AD00F52526 /* Resources */ = {
			isa = PBXResourcesBuildPhase;
			buildActionMask = 2147483647;
			files = (
			);
			runOnlyForDeploymentPostprocessing = 0;
		};
/* End PBXResourcesBuildPhase section */

/* Begin PBXSourcesBuildPhase section */
		801A66341E38A1AD00F52526 /* Sources */ = {
			isa = PBXSourcesBuildPhase;
			buildActionMask = 2147483647;
			files = (
				801A663E1E38A1AD00F52526 /* ViewController.swift in Sources */,
				801A663C1E38A1AD00F52526 /* AppDelegate.swift in Sources */,
				801A666C1E38A3CA00F52526 /* HomeViewController.swift in Sources */,
			);
			runOnlyForDeploymentPostprocessing = 0;
		};
		801A66481E38A1AD00F52526 /* Sources */ = {
			isa = PBXSourcesBuildPhase;
			buildActionMask = 2147483647;
			files = (
				801A66511E38A1AD00F52526 /* MovieBuffTests.swift in Sources */,
			);
			runOnlyForDeploymentPostprocessing = 0;
		};
		801A66531E38A1AD00F52526 /* Sources */ = {
			isa = PBXSourcesBuildPhase;
			buildActionMask = 2147483647;
			files = (
				801A665C1E38A1AD00F52526 /* MovieBuffUITests.swift in Sources */,
			);
			runOnlyForDeploymentPostprocessing = 0;
		};
/* End PBXSourcesBuildPhase section */

/* Begin PBXTargetDependency section */
		801A664E1E38A1AD00F52526 /* PBXTargetDependency */ = {
			isa = PBXTargetDependency;
			target = 801A66371E38A1AD00F52526 /* MovieBuff */;
			targetProxy = 801A664D1E38A1AD00F52526 /* PBXContainerItemProxy */;
		};
		801A66591E38A1AD00F52526 /* PBXTargetDependency */ = {
			isa = PBXTargetDependency;
			target = 801A66371E38A1AD00F52526 /* MovieBuff */;
			targetProxy = 801A66581E38A1AD00F52526 /* PBXContainerItemProxy */;
		};
/* End PBXTargetDependency section */

/* Begin PBXVariantGroup section */
		801A663F1E38A1AD00F52526 /* Main.storyboard */ = {
			isa = PBXVariantGroup;
			children = (
				801A66401E38A1AD00F52526 /* Base */,
			);
			name = Main.storyboard;
			sourceTree = "<group>";
		};
		801A66441E38A1AD00F52526 /* LaunchScreen.storyboard */ = {
			isa = PBXVariantGroup;
			children = (
				801A66451E38A1AD00F52526 /* Base */,
			);
			name = LaunchScreen.storyboard;
			sourceTree = "<group>";
		};
/* End PBXVariantGroup section */

/* Begin XCBuildConfiguration section */
		801A665E1E38A1AD00F52526 /* Debug */ = {
			isa = XCBuildConfiguration;
			buildSettings = {
				ALWAYS_EMBED_SWIFT_STANDARD_LIBRARIES = YES;
				ALWAYS_SEARCH_USER_PATHS = NO;
				CLANG_ANALYZER_NONNULL = YES;
				CLANG_CXX_LANGUAGE_STANDARD = "gnu++0x";
				CLANG_CXX_LIBRARY = "libc++";
				CLANG_ENABLE_MODULES = YES;
				CLANG_ENABLE_OBJC_ARC = YES;
				CLANG_WARN_BOOL_CONVERSION = YES;
				CLANG_WARN_CONSTANT_CONVERSION = YES;
				CLANG_WARN_DIRECT_OBJC_ISA_USAGE = YES_ERROR;
				CLANG_WARN_DOCUMENTATION_COMMENTS = YES;
				CLANG_WARN_EMPTY_BODY = YES;
				CLANG_WARN_ENUM_CONVERSION = YES;
				CLANG_WARN_INFINITE_RECURSION = YES;
				CLANG_WARN_INT_CONVERSION = YES;
				CLANG_WARN_OBJC_ROOT_CLASS = YES_ERROR;
				CLANG_WARN_SUSPICIOUS_MOVE = YES;
				CLANG_WARN_UNREACHABLE_CODE = YES;
				CLANG_WARN__DUPLICATE_METHOD_MATCH = YES;
				"CODE_SIGN_IDENTITY[sdk=iphoneos*]" = "iPhone Developer";
				COPY_PHASE_STRIP = NO;
				DEBUG_INFORMATION_FORMAT = dwarf;
				ENABLE_STRICT_OBJC_MSGSEND = YES;
				ENABLE_TESTABILITY = YES;
				GCC_C_LANGUAGE_STANDARD = gnu99;
				GCC_DYNAMIC_NO_PIC = NO;
				GCC_NO_COMMON_BLOCKS = YES;
				GCC_OPTIMIZATION_LEVEL = 0;
				GCC_PREPROCESSOR_DEFINITIONS = (
					"DEBUG=1",
					"$(inherited)",
				);
				GCC_WARN_64_TO_32_BIT_CONVERSION = YES;
				GCC_WARN_ABOUT_RETURN_TYPE = YES_ERROR;
				GCC_WARN_UNDECLARED_SELECTOR = YES;
				GCC_WARN_UNINITIALIZED_AUTOS = YES_AGGRESSIVE;
				GCC_WARN_UNUSED_FUNCTION = YES;
				GCC_WARN_UNUSED_VARIABLE = YES;
				IPHONEOS_DEPLOYMENT_TARGET = 10.2;
				MTL_ENABLE_DEBUG_INFO = YES;
				ONLY_ACTIVE_ARCH = YES;
				SDKROOT = iphoneos;
				SWIFT_ACTIVE_COMPILATION_CONDITIONS = DEBUG;
				SWIFT_OPTIMIZATION_LEVEL = "-Onone";
				TARGETED_DEVICE_FAMILY = "1,2";
			};
			name = Debug;
		};
		801A665F1E38A1AD00F52526 /* Release */ = {
			isa = XCBuildConfiguration;
			buildSettings = {
				ALWAYS_EMBED_SWIFT_STANDARD_LIBRARIES = YES;
				ALWAYS_SEARCH_USER_PATHS = NO;
				CLANG_ANALYZER_NONNULL = YES;
				CLANG_CXX_LANGUAGE_STANDARD = "gnu++0x";
				CLANG_CXX_LIBRARY = "libc++";
				CLANG_ENABLE_MODULES = YES;
				CLANG_ENABLE_OBJC_ARC = YES;
				CLANG_WARN_BOOL_CONVERSION = YES;
				CLANG_WARN_CONSTANT_CONVERSION = YES;
				CLANG_WARN_DIRECT_OBJC_ISA_USAGE = YES_ERROR;
				CLANG_WARN_DOCUMENTATION_COMMENTS = YES;
				CLANG_WARN_EMPTY_BODY = YES;
				CLANG_WARN_ENUM_CONVERSION = YES;
				CLANG_WARN_INFINITE_RECURSION = YES;
				CLANG_WARN_INT_CONVERSION = YES;
				CLANG_WARN_OBJC_ROOT_CLASS = YES_ERROR;
				CLANG_WARN_SUSPICIOUS_MOVE = YES;
				CLANG_WARN_UNREACHABLE_CODE = YES;
				CLANG_WARN__DUPLICATE_METHOD_MATCH = YES;
				"CODE_SIGN_IDENTITY[sdk=iphoneos*]" = "iPhone Developer";
				COPY_PHASE_STRIP = NO;
				DEBUG_INFORMATION_FORMAT = "dwarf-with-dsym";
				ENABLE_NS_ASSERTIONS = NO;
				ENABLE_STRICT_OBJC_MSGSEND = YES;
				GCC_C_LANGUAGE_STANDARD = gnu99;
				GCC_NO_COMMON_BLOCKS = YES;
				GCC_WARN_64_TO_32_BIT_CONVERSION = YES;
				GCC_WARN_ABOUT_RETURN_TYPE = YES_ERROR;
				GCC_WARN_UNDECLARED_SELECTOR = YES;
				GCC_WARN_UNINITIALIZED_AUTOS = YES_AGGRESSIVE;
				GCC_WARN_UNUSED_FUNCTION = YES;
				GCC_WARN_UNUSED_VARIABLE = YES;
				IPHONEOS_DEPLOYMENT_TARGET = 10.2;
				MTL_ENABLE_DEBUG_INFO = NO;
				SDKROOT = iphoneos;
				SWIFT_OPTIMIZATION_LEVEL = "-Owholemodule";
				TARGETED_DEVICE_FAMILY = "1,2";
				VALIDATE_PRODUCT = YES;
			};
			name = Release;
		};
		801A66611E38A1AD00F52526 /* Debug */ = {
			isa = XCBuildConfiguration;
			buildSettings = {
				ASSETCATALOG_COMPILER_APPICON_NAME = AppIcon;
				CODE_SIGN_IDENTITY = "iPhone Developer";
				"CODE_SIGN_IDENTITY[sdk=iphoneos*]" = "iPhone Developer";
				DEVELOPMENT_TEAM = B9C7GRQCYQ;
				INFOPLIST_FILE = MovieBuff/Info.plist;
				IPHONEOS_DEPLOYMENT_TARGET = 9.0;
				LD_RUNPATH_SEARCH_PATHS = "$(inherited) @executable_path/Frameworks";
				PRODUCT_BUNDLE_IDENTIFIER = com.kofax.MovieBuff;
				PRODUCT_NAME = "$(TARGET_NAME)";
				PROVISIONING_PROFILE = "";
				PROVISIONING_PROFILE_SPECIFIER = "";
				SWIFT_VERSION = 3.0;
			};
			name = Debug;
		};
		801A66621E38A1AD00F52526 /* Release */ = {
			isa = XCBuildConfiguration;
			buildSettings = {
				ASSETCATALOG_COMPILER_APPICON_NAME = AppIcon;
				CODE_SIGN_IDENTITY = "iPhone Developer";
				"CODE_SIGN_IDENTITY[sdk=iphoneos*]" = "iPhone Developer";
				DEVELOPMENT_TEAM = B9C7GRQCYQ;
				INFOPLIST_FILE = MovieBuff/Info.plist;
				IPHONEOS_DEPLOYMENT_TARGET = 9.0;
				LD_RUNPATH_SEARCH_PATHS = "$(inherited) @executable_path/Frameworks";
				PRODUCT_BUNDLE_IDENTIFIER = com.kofax.MovieBuff;
				PRODUCT_NAME = "$(TARGET_NAME)";
				PROVISIONING_PROFILE = "";
				PROVISIONING_PROFILE_SPECIFIER = "";
				"PROVISIONING_PROFILE_SPECIFIER[sdk=*]" = "";
				SWIFT_VERSION = 3.0;
			};
			name = Release;
		};
		801A66641E38A1AD00F52526 /* Debug */ = {
			isa = XCBuildConfiguration;
			buildSettings = {
				ALWAYS_EMBED_SWIFT_STANDARD_LIBRARIES = YES;
				BUNDLE_LOADER = "$(TEST_HOST)";
				INFOPLIST_FILE = MovieBuffTests/Info.plist;
				LD_RUNPATH_SEARCH_PATHS = "$(inherited) @executable_path/Frameworks @loader_path/Frameworks";
				PRODUCT_BUNDLE_IDENTIFIER = com.mahendra.MovieBuffTests;
				PRODUCT_NAME = "$(TARGET_NAME)";
				SWIFT_VERSION = 3.0;
				TEST_HOST = "$(BUILT_PRODUCTS_DIR)/MovieBuff.app/MovieBuff";
			};
			name = Debug;
		};
		801A66651E38A1AD00F52526 /* Release */ = {
			isa = XCBuildConfiguration;
			buildSettings = {
				ALWAYS_EMBED_SWIFT_STANDARD_LIBRARIES = YES;
				BUNDLE_LOADER = "$(TEST_HOST)";
				INFOPLIST_FILE = MovieBuffTests/Info.plist;
				LD_RUNPATH_SEARCH_PATHS = "$(inherited) @executable_path/Frameworks @loader_path/Frameworks";
				PRODUCT_BUNDLE_IDENTIFIER = com.mahendra.MovieBuffTests;
				PRODUCT_NAME = "$(TARGET_NAME)";
				SWIFT_VERSION = 3.0;
				TEST_HOST = "$(BUILT_PRODUCTS_DIR)/MovieBuff.app/MovieBuff";
			};
			name = Release;
		};
		801A66671E38A1AD00F52526 /* Debug */ = {
			isa = XCBuildConfiguration;
			buildSettings = {
				ALWAYS_EMBED_SWIFT_STANDARD_LIBRARIES = YES;
				INFOPLIST_FILE = MovieBuffUITests/Info.plist;
				LD_RUNPATH_SEARCH_PATHS = "$(inherited) @executable_path/Frameworks @loader_path/Frameworks";
				PRODUCT_BUNDLE_IDENTIFIER = com.mahendra.MovieBuffUITests;
				PRODUCT_NAME = "$(TARGET_NAME)";
				SWIFT_VERSION = 3.0;
				TEST_TARGET_NAME = MovieBuff;
			};
			name = Debug;
		};
		801A66681E38A1AD00F52526 /* Release */ = {
			isa = XCBuildConfiguration;
			buildSettings = {
				ALWAYS_EMBED_SWIFT_STANDARD_LIBRARIES = YES;
				INFOPLIST_FILE = MovieBuffUITests/Info.plist;
				LD_RUNPATH_SEARCH_PATHS = "$(inherited) @executable_path/Frameworks @loader_path/Frameworks";
				PRODUCT_BUNDLE_IDENTIFIER = com.mahendra.MovieBuffUITests;
				PRODUCT_NAME = "$(TARGET_NAME)";
				SWIFT_VERSION = 3.0;
				TEST_TARGET_NAME = MovieBuff;
			};
			name = Release;
		};
/* End XCBuildConfiguration section */

/* Begin XCConfigurationList section */
		801A66331E38A1AD00F52526 /* Build configuration list for PBXProject "MovieBuff" */ = {
			isa = XCConfigurationList;
			buildConfigurations = (
				801A665E1E38A1AD00F52526 /* Debug */,
				801A665F1E38A1AD00F52526 /* Release */,
			);
			defaultConfigurationIsVisible = 0;
			defaultConfigurationName = Release;
		};
		801A66601E38A1AD00F52526 /* Build configuration list for PBXNativeTarget "MovieBuff" */ = {
			isa = XCConfigurationList;
			buildConfigurations = (
				801A66611E38A1AD00F52526 /* Debug */,
				801A66621E38A1AD00F52526 /* Release */,
			);
			defaultConfigurationIsVisible = 0;
			defaultConfigurationName = Release;
		};
		801A66631E38A1AD00F52526 /* Build configuration list for PBXNativeTarget "MovieBuffTests" */ = {
			isa = XCConfigurationList;
			buildConfigurations = (
				801A66641E38A1AD00F52526 /* Debug */,
				801A66651E38A1AD00F52526 /* Release */,
			);
			defaultConfigurationIsVisible = 0;
			defaultConfigurationName = Release;
		};
		801A66661E38A1AD00F52526 /* Build configuration list for PBXNativeTarget "MovieBuffUITests" */ = {
			isa = XCConfigurationList;
			buildConfigurations = (
				801A66671E38A1AD00F52526 /* Debug */,
				801A66681E38A1AD00F52526 /* Release */,
			);
			defaultConfigurationIsVisible = 0;
			defaultConfigurationName = Release;
		};
/* End XCConfigurationList section */
	};
	rootObject = 801A66301E38A1AD00F52526 /* Project object */;
}
