// !$*UTF8*$!
{
	archiveVersion = 1;
	classes = {
	};
	objectVersion = 46;
	objects = {

/* Begin PBXBuildFile section */
		121DA00E04FE700DE06C1BD3 /* Pods_MovieBuffTests.framework in Frameworks */ = {isa = PBXBuildFile; fileRef = BA585F2CDB066859538E024E /* Pods_MovieBuffTests.framework */; };
		2374DD421307F23428A9E2C8 /* Pods_MovieBuff.framework in Frameworks */ = {isa = PBXBuildFile; fileRef = 5B6825F5646D82609D9603FE /* Pods_MovieBuff.framework */; };
		801A663C1E38A1AD00F52526 /* AppDelegate.swift in Sources */ = {isa = PBXBuildFile; fileRef = 801A663B1E38A1AD00F52526 /* AppDelegate.swift */; };
		801A66411E38A1AD00F52526 /* Main.storyboard in Resources */ = {isa = PBXBuildFile; fileRef = 801A663F1E38A1AD00F52526 /* Main.storyboard */; };
		801A66431E38A1AD00F52526 /* Assets.xcassets in Resources */ = {isa = PBXBuildFile; fileRef = 801A66421E38A1AD00F52526 /* Assets.xcassets */; };
		801A66461E38A1AD00F52526 /* LaunchScreen.storyboard in Resources */ = {isa = PBXBuildFile; fileRef = 801A66441E38A1AD00F52526 /* LaunchScreen.storyboard */; };
		801A66511E38A1AD00F52526 /* MovieBuffTests.swift in Sources */ = {isa = PBXBuildFile; fileRef = 801A66501E38A1AD00F52526 /* MovieBuffTests.swift */; };
		801A665C1E38A1AD00F52526 /* MovieBuffUITests.swift in Sources */ = {isa = PBXBuildFile; fileRef = 801A665B1E38A1AD00F52526 /* MovieBuffUITests.swift */; };
		801A666D1E38A3CA00F52526 /* HomeViewController.xib in Resources */ = {isa = PBXBuildFile; fileRef = 801A666B1E38A3CA00F52526 /* HomeViewController.xib */; };
		8028394F1E9F7D3500EA9D6A /* MovieHelper.swift in Sources */ = {isa = PBXBuildFile; fileRef = 8028394E1E9F7D3500EA9D6A /* MovieHelper.swift */; };
		802B2F4D1E727B40002C466C /* MovieSearchViewModel.swift in Sources */ = {isa = PBXBuildFile; fileRef = 802B2F4C1E727B40002C466C /* MovieSearchViewModel.swift */; };
		80325BF91E71610E00DE9A1C /* TMDBDataParser.swift in Sources */ = {isa = PBXBuildFile; fileRef = 80325BF81E71610E00DE9A1C /* TMDBDataParser.swift */; };
		804A659A1E5C6404003D5111 /* Actor.swift in Sources */ = {isa = PBXBuildFile; fileRef = 804A65991E5C6404003D5111 /* Actor.swift */; };
		804A659C1E5C6467003D5111 /* BaseFilmModel.swift in Sources */ = {isa = PBXBuildFile; fileRef = 804A659B1E5C6467003D5111 /* BaseFilmModel.swift */; };
		804AA4321E3B78F400183AAC /* MovieStoryboard.storyboard in Resources */ = {isa = PBXBuildFile; fileRef = 804AA4311E3B78F400183AAC /* MovieStoryboard.storyboard */; };
		80506F041E5D6AE7007D5C4B /* MovieDataProvider.swift in Sources */ = {isa = PBXBuildFile; fileRef = 80506F031E5D6AE7007D5C4B /* MovieDataProvider.swift */; };
		80506F061E5D6C27007D5C4B /* MovieServiceProtocol.swift in Sources */ = {isa = PBXBuildFile; fileRef = 80506F051E5D6C27007D5C4B /* MovieServiceProtocol.swift */; };
		807F2FCB1E93A5240060AF65 /* MovieBuff.xcdatamodeld in Sources */ = {isa = PBXBuildFile; fileRef = 807F2FC91E93A5240060AF65 /* MovieBuff.xcdatamodeld */; };
		807F2FCD1E93A59C0060AF65 /* Movie.swift in Sources */ = {isa = PBXBuildFile; fileRef = 807F2FCC1E93A59C0060AF65 /* Movie.swift */; };
		8091DD3E1E9BA92E0027DC49 /* TableViewModelProtocol.swift in Sources */ = {isa = PBXBuildFile; fileRef = 8091DD3D1E9BA92E0027DC49 /* TableViewModelProtocol.swift */; };
		8091DD401E9BAA090027DC49 /* MovieWatchListViewModel.swift in Sources */ = {isa = PBXBuildFile; fileRef = 8091DD3F1E9BAA090027DC49 /* MovieWatchListViewModel.swift */; };
		809658ED1E88F0EB00FA5AF9 /* DataController.swift in Sources */ = {isa = PBXBuildFile; fileRef = 809658EC1E88F0EB00FA5AF9 /* DataController.swift */; };
		809C5C921E5EB1A00057EA7B /* Title.swift in Sources */ = {isa = PBXBuildFile; fileRef = 809C5C911E5EB1A00057EA7B /* Title.swift */; };
		809C5C951E5EB5DB0057EA7B /* SearchViewModel.swift in Sources */ = {isa = PBXBuildFile; fileRef = 809C5C941E5EB5DB0057EA7B /* SearchViewModel.swift */; };
		80E009371E979B6800869801 /* UIUtilities.swift in Sources */ = {isa = PBXBuildFile; fileRef = 80E009361E979B6800869801 /* UIUtilities.swift */; };
		80E5BFDE1E6FDBEB0014D190 /* TMDBService.swift in Sources */ = {isa = PBXBuildFile; fileRef = 80E5BFDD1E6FDBEB0014D190 /* TMDBService.swift */; };
		80F136C71E55CBCA003DEA2F /* NetworkService.swift in Sources */ = {isa = PBXBuildFile; fileRef = 80F136C61E55CBCA003DEA2F /* NetworkService.swift */; };
		80F136C91E55CDA8003DEA2F /* WeMakeSitesMovieService.swift in Sources */ = {isa = PBXBuildFile; fileRef = 80F136C81E55CDA8003DEA2F /* WeMakeSitesMovieService.swift */; };
		80FB48701EA8D806001E68CA /* BaseListViewController.swift in Sources */ = {isa = PBXBuildFile; fileRef = 80FB486F1EA8D806001E68CA /* BaseListViewController.swift */; };
		80FE916C1E6965500041223F /* MovieDetailsViewModel.swift in Sources */ = {isa = PBXBuildFile; fileRef = 80FE916B1E6965500041223F /* MovieDetailsViewModel.swift */; };
		BCB6E04A06B7B08F3AF1BB37 /* Pods_MovieBuffUITests.framework in Frameworks */ = {isa = PBXBuildFile; fileRef = A14699A18B7A56BBCF44C5D5 /* Pods_MovieBuffUITests.framework */; };
		C802AF8720BC3B7200A9F639 /* ThumbnailCell.swift in Sources */ = {isa = PBXBuildFile; fileRef = C802AF8620BC3B7200A9F639 /* ThumbnailCell.swift */; };
		C836255020DD017D00FEB5C9 /* MovieDetailsViewController.swift in Sources */ = {isa = PBXBuildFile; fileRef = C836254C20DD017C00FEB5C9 /* MovieDetailsViewController.swift */; };
		C836255120DD017D00FEB5C9 /* HomeViewController.swift in Sources */ = {isa = PBXBuildFile; fileRef = C836254D20DD017D00FEB5C9 /* HomeViewController.swift */; };
		C836255220DD017D00FEB5C9 /* MovieSearchViewController.swift in Sources */ = {isa = PBXBuildFile; fileRef = C836254E20DD017D00FEB5C9 /* MovieSearchViewController.swift */; };
		C836255320DD017D00FEB5C9 /* MovieWatchListViewController.swift in Sources */ = {isa = PBXBuildFile; fileRef = C836254F20DD017D00FEB5C9 /* MovieWatchListViewController.swift */; };
		C836255520DD022900FEB5C9 /* MovieSearchViewController+FlowLayout.swift in Sources */ = {isa = PBXBuildFile; fileRef = C836255420DD022900FEB5C9 /* MovieSearchViewController+FlowLayout.swift */; };
		C836255720DD048A00FEB5C9 /* MovieSearchViewController+SearchBar.swift in Sources */ = {isa = PBXBuildFile; fileRef = C836255620DD048A00FEB5C9 /* MovieSearchViewController+SearchBar.swift */; };
		C854E07820B6E1BC00902A01 /* ITunesService.swift in Sources */ = {isa = PBXBuildFile; fileRef = C854E07720B6E1BC00902A01 /* ITunesService.swift */; };
		C854E07A20B6E2D900902A01 /* NetworkManager.swift in Sources */ = {isa = PBXBuildFile; fileRef = C854E07920B6E2D900902A01 /* NetworkManager.swift */; };
		C877BDEB20DA79570073D3D9 /* ImageTask.swift in Sources */ = {isa = PBXBuildFile; fileRef = C877BDEA20DA79570073D3D9 /* ImageTask.swift */; };
/* End PBXBuildFile section */

/* Begin PBXContainerItemProxy section */
		801A664D1E38A1AD00F52526 /* PBXContainerItemProxy */ = {
			isa = PBXContainerItemProxy;
			containerPortal = 801A66301E38A1AD00F52526 /* Project object */;
			proxyType = 1;
			remoteGlobalIDString = 801A66371E38A1AD00F52526;
			remoteInfo = MovieBuff;
		};
		801A66581E38A1AD00F52526 /* PBXContainerItemProxy */ = {
			isa = PBXContainerItemProxy;
			containerPortal = 801A66301E38A1AD00F52526 /* Project object */;
			proxyType = 1;
			remoteGlobalIDString = 801A66371E38A1AD00F52526;
			remoteInfo = MovieBuff;
		};
/* End PBXContainerItemProxy section */

/* Begin PBXFileReference section */
		33E1C4E811E2C3BDFEC8AD1B /* Pods-MovieBuff.debug.xcconfig */ = {isa = PBXFileReference; includeInIndex = 1; lastKnownFileType = text.xcconfig; name = "Pods-MovieBuff.debug.xcconfig"; path = "Pods/Target Support Files/Pods-MovieBuff/Pods-MovieBuff.debug.xcconfig"; sourceTree = "<group>"; };
		5B6825F5646D82609D9603FE /* Pods_MovieBuff.framework */ = {isa = PBXFileReference; explicitFileType = wrapper.framework; includeInIndex = 0; path = Pods_MovieBuff.framework; sourceTree = BUILT_PRODUCTS_DIR; };
		801A66381E38A1AD00F52526 /* MovieBuff.app */ = {isa = PBXFileReference; explicitFileType = wrapper.application; includeInIndex = 0; path = MovieBuff.app; sourceTree = BUILT_PRODUCTS_DIR; };
		801A663B1E38A1AD00F52526 /* AppDelegate.swift */ = {isa = PBXFileReference; lastKnownFileType = sourcecode.swift; path = AppDelegate.swift; sourceTree = "<group>"; };
		801A66401E38A1AD00F52526 /* Base */ = {isa = PBXFileReference; lastKnownFileType = file.storyboard; name = Base; path = Base.lproj/Main.storyboard; sourceTree = "<group>"; };
		801A66421E38A1AD00F52526 /* Assets.xcassets */ = {isa = PBXFileReference; lastKnownFileType = folder.assetcatalog; path = Assets.xcassets; sourceTree = "<group>"; };
		801A66451E38A1AD00F52526 /* Base */ = {isa = PBXFileReference; lastKnownFileType = file.storyboard; name = Base; path = Base.lproj/LaunchScreen.storyboard; sourceTree = "<group>"; };
		801A66471E38A1AD00F52526 /* Info.plist */ = {isa = PBXFileReference; lastKnownFileType = text.plist.xml; path = Info.plist; sourceTree = "<group>"; };
		801A664C1E38A1AD00F52526 /* MovieBuffTests.xctest */ = {isa = PBXFileReference; explicitFileType = wrapper.cfbundle; includeInIndex = 0; path = MovieBuffTests.xctest; sourceTree = BUILT_PRODUCTS_DIR; };
		801A66501E38A1AD00F52526 /* MovieBuffTests.swift */ = {isa = PBXFileReference; lastKnownFileType = sourcecode.swift; path = MovieBuffTests.swift; sourceTree = "<group>"; };
		801A66521E38A1AD00F52526 /* Info.plist */ = {isa = PBXFileReference; lastKnownFileType = text.plist.xml; path = Info.plist; sourceTree = "<group>"; };
		801A66571E38A1AD00F52526 /* MovieBuffUITests.xctest */ = {isa = PBXFileReference; explicitFileType = wrapper.cfbundle; includeInIndex = 0; path = MovieBuffUITests.xctest; sourceTree = BUILT_PRODUCTS_DIR; };
		801A665B1E38A1AD00F52526 /* MovieBuffUITests.swift */ = {isa = PBXFileReference; lastKnownFileType = sourcecode.swift; path = MovieBuffUITests.swift; sourceTree = "<group>"; };
		801A665D1E38A1AD00F52526 /* Info.plist */ = {isa = PBXFileReference; lastKnownFileType = text.plist.xml; path = Info.plist; sourceTree = "<group>"; };
		801A666B1E38A3CA00F52526 /* HomeViewController.xib */ = {isa = PBXFileReference; fileEncoding = 4; lastKnownFileType = file.xib; name = HomeViewController.xib; path = UI/HomeViewController.xib; sourceTree = "<group>"; };
		8028394E1E9F7D3500EA9D6A /* MovieHelper.swift */ = {isa = PBXFileReference; fileEncoding = 4; lastKnownFileType = sourcecode.swift; name = MovieHelper.swift; path = Models/MovieHelper.swift; sourceTree = "<group>"; };
		802B2F4C1E727B40002C466C /* MovieSearchViewModel.swift */ = {isa = PBXFileReference; fileEncoding = 4; lastKnownFileType = sourcecode.swift; name = MovieSearchViewModel.swift; path = UI/ViewModel/MovieSearchViewModel.swift; sourceTree = "<group>"; };
		80325BF81E71610E00DE9A1C /* TMDBDataParser.swift */ = {isa = PBXFileReference; fileEncoding = 4; lastKnownFileType = sourcecode.swift; name = TMDBDataParser.swift; path = NetworkLayer/TMDBDataParser.swift; sourceTree = "<group>"; };
		804A65991E5C6404003D5111 /* Actor.swift */ = {isa = PBXFileReference; fileEncoding = 4; lastKnownFileType = sourcecode.swift; name = Actor.swift; path = Models/Actor.swift; sourceTree = "<group>"; };
		804A659B1E5C6467003D5111 /* BaseFilmModel.swift */ = {isa = PBXFileReference; fileEncoding = 4; lastKnownFileType = sourcecode.swift; name = BaseFilmModel.swift; path = Models/BaseFilmModel.swift; sourceTree = "<group>"; };
		804AA4311E3B78F400183AAC /* MovieStoryboard.storyboard */ = {isa = PBXFileReference; fileEncoding = 4; lastKnownFileType = file.storyboard; name = MovieStoryboard.storyboard; path = UI/MovieStoryboard.storyboard; sourceTree = "<group>"; };
		80506F031E5D6AE7007D5C4B /* MovieDataProvider.swift */ = {isa = PBXFileReference; fileEncoding = 4; lastKnownFileType = sourcecode.swift; name = MovieDataProvider.swift; path = DataProviders/MovieDataProvider.swift; sourceTree = "<group>"; };
		80506F051E5D6C27007D5C4B /* MovieServiceProtocol.swift */ = {isa = PBXFileReference; fileEncoding = 4; lastKnownFileType = sourcecode.swift; name = MovieServiceProtocol.swift; path = NetworkLayer/MovieServiceProtocol.swift; sourceTree = "<group>"; };
		807F2FCA1E93A5240060AF65 /* MovieBuff.xcdatamodel */ = {isa = PBXFileReference; lastKnownFileType = wrapper.xcdatamodel; path = MovieBuff.xcdatamodel; sourceTree = "<group>"; };
		807F2FCC1E93A59C0060AF65 /* Movie.swift */ = {isa = PBXFileReference; fileEncoding = 4; lastKnownFileType = sourcecode.swift; name = Movie.swift; path = Persistence/Movie.swift; sourceTree = "<group>"; };
		8091DD3D1E9BA92E0027DC49 /* TableViewModelProtocol.swift */ = {isa = PBXFileReference; fileEncoding = 4; lastKnownFileType = sourcecode.swift; name = TableViewModelProtocol.swift; path = UI/ViewModel/TableViewModelProtocol.swift; sourceTree = "<group>"; };
		8091DD3F1E9BAA090027DC49 /* MovieWatchListViewModel.swift */ = {isa = PBXFileReference; fileEncoding = 4; lastKnownFileType = sourcecode.swift; name = MovieWatchListViewModel.swift; path = UI/ViewModel/MovieWatchListViewModel.swift; sourceTree = "<group>"; };
		809658EC1E88F0EB00FA5AF9 /* DataController.swift */ = {isa = PBXFileReference; fileEncoding = 4; lastKnownFileType = sourcecode.swift; name = DataController.swift; path = Persistence/DataController.swift; sourceTree = "<group>"; };
		809C5C911E5EB1A00057EA7B /* Title.swift */ = {isa = PBXFileReference; fileEncoding = 4; lastKnownFileType = sourcecode.swift; name = Title.swift; path = Models/Title.swift; sourceTree = "<group>"; };
		809C5C941E5EB5DB0057EA7B /* SearchViewModel.swift */ = {isa = PBXFileReference; fileEncoding = 4; lastKnownFileType = sourcecode.swift; name = SearchViewModel.swift; path = UI/ViewModel/SearchViewModel.swift; sourceTree = "<group>"; };
		80E009361E979B6800869801 /* UIUtilities.swift */ = {isa = PBXFileReference; fileEncoding = 4; lastKnownFileType = sourcecode.swift; name = UIUtilities.swift; path = UI/Utilities/UIUtilities.swift; sourceTree = "<group>"; };
		80E5BFDD1E6FDBEB0014D190 /* TMDBService.swift */ = {isa = PBXFileReference; fileEncoding = 4; lastKnownFileType = sourcecode.swift; name = TMDBService.swift; path = NetworkLayer/TMDBService.swift; sourceTree = "<group>"; };
		80F136C61E55CBCA003DEA2F /* NetworkService.swift */ = {isa = PBXFileReference; fileEncoding = 4; lastKnownFileType = sourcecode.swift; name = NetworkService.swift; path = NetworkLayer/NetworkService.swift; sourceTree = "<group>"; };
		80F136C81E55CDA8003DEA2F /* WeMakeSitesMovieService.swift */ = {isa = PBXFileReference; fileEncoding = 4; lastKnownFileType = sourcecode.swift; name = WeMakeSitesMovieService.swift; path = NetworkLayer/WeMakeSitesMovieService.swift; sourceTree = "<group>"; };
		80FB486D1EA8BBF6001E68CA /* Bridgingheader.h */ = {isa = PBXFileReference; lastKnownFileType = sourcecode.c.h; name = Bridgingheader.h; path = UI/Utilities/Bridgingheader.h; sourceTree = "<group>"; };
		80FB486F1EA8D806001E68CA /* BaseListViewController.swift */ = {isa = PBXFileReference; fileEncoding = 4; lastKnownFileType = sourcecode.swift; name = BaseListViewController.swift; path = UI/ViewControllers/BaseListViewController.swift; sourceTree = "<group>"; };
		80FE916B1E6965500041223F /* MovieDetailsViewModel.swift */ = {isa = PBXFileReference; fileEncoding = 4; lastKnownFileType = sourcecode.swift; name = MovieDetailsViewModel.swift; path = UI/ViewModel/MovieDetailsViewModel.swift; sourceTree = "<group>"; };
		818C30DC5FFBC18D6B505A8C /* Pods-MovieBuff.release.xcconfig */ = {isa = PBXFileReference; includeInIndex = 1; lastKnownFileType = text.xcconfig; name = "Pods-MovieBuff.release.xcconfig"; path = "Pods/Target Support Files/Pods-MovieBuff/Pods-MovieBuff.release.xcconfig"; sourceTree = "<group>"; };
		A14699A18B7A56BBCF44C5D5 /* Pods_MovieBuffUITests.framework */ = {isa = PBXFileReference; explicitFileType = wrapper.framework; includeInIndex = 0; path = Pods_MovieBuffUITests.framework; sourceTree = BUILT_PRODUCTS_DIR; };
		A15026C5BCCC6712E52D6467 /* Pods-MovieBuffTests.debug.xcconfig */ = {isa = PBXFileReference; includeInIndex = 1; lastKnownFileType = text.xcconfig; name = "Pods-MovieBuffTests.debug.xcconfig"; path = "Pods/Target Support Files/Pods-MovieBuffTests/Pods-MovieBuffTests.debug.xcconfig"; sourceTree = "<group>"; };
		BA585F2CDB066859538E024E /* Pods_MovieBuffTests.framework */ = {isa = PBXFileReference; explicitFileType = wrapper.framework; includeInIndex = 0; path = Pods_MovieBuffTests.framework; sourceTree = BUILT_PRODUCTS_DIR; };
		C572D9AE509A29B190733789 /* Pods-MovieBuffUITests.debug.xcconfig */ = {isa = PBXFileReference; includeInIndex = 1; lastKnownFileType = text.xcconfig; name = "Pods-MovieBuffUITests.debug.xcconfig"; path = "Pods/Target Support Files/Pods-MovieBuffUITests/Pods-MovieBuffUITests.debug.xcconfig"; sourceTree = "<group>"; };
		C802AF8620BC3B7200A9F639 /* ThumbnailCell.swift */ = {isa = PBXFileReference; lastKnownFileType = sourcecode.swift; name = ThumbnailCell.swift; path = UI/ThumbnailCell.swift; sourceTree = "<group>"; };
		C836254C20DD017C00FEB5C9 /* MovieDetailsViewController.swift */ = {isa = PBXFileReference; fileEncoding = 4; lastKnownFileType = sourcecode.swift; name = MovieDetailsViewController.swift; path = UI/ViewControllers/MovieDetailsViewController.swift; sourceTree = "<group>"; };
		C836254D20DD017D00FEB5C9 /* HomeViewController.swift */ = {isa = PBXFileReference; fileEncoding = 4; lastKnownFileType = sourcecode.swift; name = HomeViewController.swift; path = UI/ViewControllers/HomeViewController.swift; sourceTree = "<group>"; };
		C836254E20DD017D00FEB5C9 /* MovieSearchViewController.swift */ = {isa = PBXFileReference; fileEncoding = 4; lastKnownFileType = sourcecode.swift; name = MovieSearchViewController.swift; path = UI/ViewControllers/MovieSearchViewController.swift; sourceTree = "<group>"; };
		C836254F20DD017D00FEB5C9 /* MovieWatchListViewController.swift */ = {isa = PBXFileReference; fileEncoding = 4; lastKnownFileType = sourcecode.swift; name = MovieWatchListViewController.swift; path = UI/ViewControllers/MovieWatchListViewController.swift; sourceTree = "<group>"; };
		C836255420DD022900FEB5C9 /* MovieSearchViewController+FlowLayout.swift */ = {isa = PBXFileReference; lastKnownFileType = sourcecode.swift; name = "MovieSearchViewController+FlowLayout.swift"; path = "UI/ViewControllers/MovieSearchViewController+FlowLayout.swift"; sourceTree = "<group>"; };
		C836255620DD048A00FEB5C9 /* MovieSearchViewController+SearchBar.swift */ = {isa = PBXFileReference; lastKnownFileType = sourcecode.swift; name = "MovieSearchViewController+SearchBar.swift"; path = "UI/ViewControllers/MovieSearchViewController+SearchBar.swift"; sourceTree = "<group>"; };
		C854E07720B6E1BC00902A01 /* ITunesService.swift */ = {isa = PBXFileReference; lastKnownFileType = sourcecode.swift; name = ITunesService.swift; path = NetworkLayer/ITunesService.swift; sourceTree = "<group>"; };
		C854E07920B6E2D900902A01 /* NetworkManager.swift */ = {isa = PBXFileReference; lastKnownFileType = sourcecode.swift; name = NetworkManager.swift; path = NetworkLayer/NetworkManager.swift; sourceTree = "<group>"; };
		C877BDEA20DA79570073D3D9 /* ImageTask.swift */ = {isa = PBXFileReference; lastKnownFileType = sourcecode.swift; name = ImageTask.swift; path = UI/ViewModel/ImageTask.swift; sourceTree = "<group>"; };
		CFD87DFF292F38D7D1345745 /* Pods-MovieBuffUITests.release.xcconfig */ = {isa = PBXFileReference; includeInIndex = 1; lastKnownFileType = text.xcconfig; name = "Pods-MovieBuffUITests.release.xcconfig"; path = "Pods/Target Support Files/Pods-MovieBuffUITests/Pods-MovieBuffUITests.release.xcconfig"; sourceTree = "<group>"; };
		F5FECF9ED22F04B6D2824525 /* Pods-MovieBuffTests.release.xcconfig */ = {isa = PBXFileReference; includeInIndex = 1; lastKnownFileType = text.xcconfig; name = "Pods-MovieBuffTests.release.xcconfig"; path = "Pods/Target Support Files/Pods-MovieBuffTests/Pods-MovieBuffTests.release.xcconfig"; sourceTree = "<group>"; };
/* End PBXFileReference section */

/* Begin PBXFrameworksBuildPhase section */
		801A66351E38A1AD00F52526 /* Frameworks */ = {
			isa = PBXFrameworksBuildPhase;
			buildActionMask = 2147483647;
			files = (
				2374DD421307F23428A9E2C8 /* Pods_MovieBuff.framework in Frameworks */,
			);
			runOnlyForDeploymentPostprocessing = 0;
		};
		801A66491E38A1AD00F52526 /* Frameworks */ = {
			isa = PBXFrameworksBuildPhase;
			buildActionMask = 2147483647;
			files = (
				121DA00E04FE700DE06C1BD3 /* Pods_MovieBuffTests.framework in Frameworks */,
			);
			runOnlyForDeploymentPostprocessing = 0;
		};
		801A66541E38A1AD00F52526 /* Frameworks */ = {
			isa = PBXFrameworksBuildPhase;
			buildActionMask = 2147483647;
			files = (
				BCB6E04A06B7B08F3AF1BB37 /* Pods_MovieBuffUITests.framework in Frameworks */,
			);
			runOnlyForDeploymentPostprocessing = 0;
		};
/* End PBXFrameworksBuildPhase section */

/* Begin PBXGroup section */
		1D19D83B243818EE6DEF99BD /* Pods */ = {
			isa = PBXGroup;
			children = (
				33E1C4E811E2C3BDFEC8AD1B /* Pods-MovieBuff.debug.xcconfig */,
				818C30DC5FFBC18D6B505A8C /* Pods-MovieBuff.release.xcconfig */,
				A15026C5BCCC6712E52D6467 /* Pods-MovieBuffTests.debug.xcconfig */,
				F5FECF9ED22F04B6D2824525 /* Pods-MovieBuffTests.release.xcconfig */,
				C572D9AE509A29B190733789 /* Pods-MovieBuffUITests.debug.xcconfig */,
				CFD87DFF292F38D7D1345745 /* Pods-MovieBuffUITests.release.xcconfig */,
			);
			name = Pods;
			sourceTree = "<group>";
		};
		8008E86B1E7807F200163CF6 /* Persistence */ = {
			isa = PBXGroup;
			children = (
				809658EC1E88F0EB00FA5AF9 /* DataController.swift */,
				807F2FC91E93A5240060AF65 /* MovieBuff.xcdatamodeld */,
				807F2FCC1E93A59C0060AF65 /* Movie.swift */,
			);
			name = Persistence;
			sourceTree = "<group>";
		};
		801A662F1E38A1AD00F52526 = {
			isa = PBXGroup;
			children = (
				801A663A1E38A1AD00F52526 /* MovieBuff */,
				801A664F1E38A1AD00F52526 /* MovieBuffTests */,
				801A665A1E38A1AD00F52526 /* MovieBuffUITests */,
				801A66391E38A1AD00F52526 /* Products */,
				1D19D83B243818EE6DEF99BD /* Pods */,
				FB83C2069518B5513444B547 /* Frameworks */,
			);
			sourceTree = "<group>";
		};
		801A66391E38A1AD00F52526 /* Products */ = {
			isa = PBXGroup;
			children = (
				801A66381E38A1AD00F52526 /* MovieBuff.app */,
				801A664C1E38A1AD00F52526 /* MovieBuffTests.xctest */,
				801A66571E38A1AD00F52526 /* MovieBuffUITests.xctest */,
			);
			name = Products;
			sourceTree = "<group>";
		};
		801A663A1E38A1AD00F52526 /* MovieBuff */ = {
			isa = PBXGroup;
			children = (
				8008E86B1E7807F200163CF6 /* Persistence */,
				80506F021E5D6AD0007D5C4B /* DataProviders */,
				804A65981E5C6243003D5111 /* Models */,
				80F136C51E55CB3A003DEA2F /* NetworkLayer */,
				801A66691E38A3AE00F52526 /* UI */,
				801A663B1E38A1AD00F52526 /* AppDelegate.swift */,
				801A663F1E38A1AD00F52526 /* Main.storyboard */,
				801A66421E38A1AD00F52526 /* Assets.xcassets */,
				801A66441E38A1AD00F52526 /* LaunchScreen.storyboard */,
				801A66471E38A1AD00F52526 /* Info.plist */,
			);
			path = MovieBuff;
			sourceTree = "<group>";
		};
		801A664F1E38A1AD00F52526 /* MovieBuffTests */ = {
			isa = PBXGroup;
			children = (
				801A66501E38A1AD00F52526 /* MovieBuffTests.swift */,
				801A66521E38A1AD00F52526 /* Info.plist */,
			);
			path = MovieBuffTests;
			sourceTree = "<group>";
		};
		801A665A1E38A1AD00F52526 /* MovieBuffUITests */ = {
			isa = PBXGroup;
			children = (
				801A665B1E38A1AD00F52526 /* MovieBuffUITests.swift */,
				801A665D1E38A1AD00F52526 /* Info.plist */,
			);
			path = MovieBuffUITests;
			sourceTree = "<group>";
		};
		801A66691E38A3AE00F52526 /* UI */ = {
			isa = PBXGroup;
			children = (
				80FB486E1EA8D7B1001E68CA /* ViewControllers */,
				802B2F4E1E72A964002C466C /* Utilities */,
				809C5C931E5EB58C0057EA7B /* ViewModel */,
				801A666B1E38A3CA00F52526 /* HomeViewController.xib */,
				804AA4311E3B78F400183AAC /* MovieStoryboard.storyboard */,
				C802AF8620BC3B7200A9F639 /* ThumbnailCell.swift */,
			);
			name = UI;
			sourceTree = "<group>";
		};
		802B2F4E1E72A964002C466C /* Utilities */ = {
			isa = PBXGroup;
			children = (
				80E009361E979B6800869801 /* UIUtilities.swift */,
				80FB486D1EA8BBF6001E68CA /* Bridgingheader.h */,
			);
			name = Utilities;
			sourceTree = "<group>";
		};
		804A65981E5C6243003D5111 /* Models */ = {
			isa = PBXGroup;
			children = (
				804A65991E5C6404003D5111 /* Actor.swift */,
				804A659B1E5C6467003D5111 /* BaseFilmModel.swift */,
				809C5C911E5EB1A00057EA7B /* Title.swift */,
				8028394E1E9F7D3500EA9D6A /* MovieHelper.swift */,
			);
			name = Models;
			sourceTree = "<group>";
		};
		80506F021E5D6AD0007D5C4B /* DataProviders */ = {
			isa = PBXGroup;
			children = (
				80506F031E5D6AE7007D5C4B /* MovieDataProvider.swift */,
			);
			name = DataProviders;
			sourceTree = "<group>";
		};
		809C5C931E5EB58C0057EA7B /* ViewModel */ = {
			isa = PBXGroup;
			children = (
				809C5C941E5EB5DB0057EA7B /* SearchViewModel.swift */,
				80FE916B1E6965500041223F /* MovieDetailsViewModel.swift */,
				802B2F4C1E727B40002C466C /* MovieSearchViewModel.swift */,
				8091DD3D1E9BA92E0027DC49 /* TableViewModelProtocol.swift */,
				8091DD3F1E9BAA090027DC49 /* MovieWatchListViewModel.swift */,
				C877BDEA20DA79570073D3D9 /* ImageTask.swift */,
			);
			name = ViewModel;
			sourceTree = "<group>";
		};
		80F136C51E55CB3A003DEA2F /* NetworkLayer */ = {
			isa = PBXGroup;
			children = (
				80F136C61E55CBCA003DEA2F /* NetworkService.swift */,
				80F136C81E55CDA8003DEA2F /* WeMakeSitesMovieService.swift */,
				80506F051E5D6C27007D5C4B /* MovieServiceProtocol.swift */,
				80E5BFDD1E6FDBEB0014D190 /* TMDBService.swift */,
				80325BF81E71610E00DE9A1C /* TMDBDataParser.swift */,
				C854E07720B6E1BC00902A01 /* ITunesService.swift */,
				C854E07920B6E2D900902A01 /* NetworkManager.swift */,
			);
			name = NetworkLayer;
			sourceTree = "<group>";
		};
		80FB486E1EA8D7B1001E68CA /* ViewControllers */ = {
			isa = PBXGroup;
			children = (
				C836254D20DD017D00FEB5C9 /* HomeViewController.swift */,
				C836254C20DD017C00FEB5C9 /* MovieDetailsViewController.swift */,
				C836254E20DD017D00FEB5C9 /* MovieSearchViewController.swift */,
				C836254F20DD017D00FEB5C9 /* MovieWatchListViewController.swift */,
				80FB486F1EA8D806001E68CA /* BaseListViewController.swift */,
				C836255420DD022900FEB5C9 /* MovieSearchViewController+FlowLayout.swift */,
				C836255620DD048A00FEB5C9 /* MovieSearchViewController+SearchBar.swift */,
			);
			name = ViewControllers;
			sourceTree = "<group>";
		};
		FB83C2069518B5513444B547 /* Frameworks */ = {
			isa = PBXGroup;
			children = (
				5B6825F5646D82609D9603FE /* Pods_MovieBuff.framework */,
				BA585F2CDB066859538E024E /* Pods_MovieBuffTests.framework */,
				A14699A18B7A56BBCF44C5D5 /* Pods_MovieBuffUITests.framework */,
			);
			name = Frameworks;
			sourceTree = "<group>";
		};
/* End PBXGroup section */

/* Begin PBXNativeTarget section */
		801A66371E38A1AD00F52526 /* MovieBuff */ = {
			isa = PBXNativeTarget;
			buildConfigurationList = 801A66601E38A1AD00F52526 /* Build configuration list for PBXNativeTarget "MovieBuff" */;
			buildPhases = (
				6635AEA9B342DEAF2EB182BA /* [CP] Check Pods Manifest.lock */,
				801A66341E38A1AD00F52526 /* Sources */,
				801A66351E38A1AD00F52526 /* Frameworks */,
				801A66361E38A1AD00F52526 /* Resources */,
				6E15BBA2A383EF82A10CDD81 /* [CP] Embed Pods Frameworks */,
			);
			buildRules = (
			);
			dependencies = (
			);
			name = MovieBuff;
			productName = MovieBuff;
			productReference = 801A66381E38A1AD00F52526 /* MovieBuff.app */;
			productType = "com.apple.product-type.application";
		};
		801A664B1E38A1AD00F52526 /* MovieBuffTests */ = {
			isa = PBXNativeTarget;
			buildConfigurationList = 801A66631E38A1AD00F52526 /* Build configuration list for PBXNativeTarget "MovieBuffTests" */;
			buildPhases = (
				C5648CAF4C74AEFEC429BE72 /* [CP] Check Pods Manifest.lock */,
				801A66481E38A1AD00F52526 /* Sources */,
				801A66491E38A1AD00F52526 /* Frameworks */,
				801A664A1E38A1AD00F52526 /* Resources */,
			);
			buildRules = (
			);
			dependencies = (
				801A664E1E38A1AD00F52526 /* PBXTargetDependency */,
			);
			name = MovieBuffTests;
			productName = MovieBuffTests;
			productReference = 801A664C1E38A1AD00F52526 /* MovieBuffTests.xctest */;
			productType = "com.apple.product-type.bundle.unit-test";
		};
		801A66561E38A1AD00F52526 /* MovieBuffUITests */ = {
			isa = PBXNativeTarget;
			buildConfigurationList = 801A66661E38A1AD00F52526 /* Build configuration list for PBXNativeTarget "MovieBuffUITests" */;
			buildPhases = (
				9D04CDF30CB80B1ACE90E579 /* [CP] Check Pods Manifest.lock */,
				801A66531E38A1AD00F52526 /* Sources */,
				801A66541E38A1AD00F52526 /* Frameworks */,
				801A66551E38A1AD00F52526 /* Resources */,
			);
			buildRules = (
			);
			dependencies = (
				801A66591E38A1AD00F52526 /* PBXTargetDependency */,
			);
			name = MovieBuffUITests;
			productName = MovieBuffUITests;
			productReference = 801A66571E38A1AD00F52526 /* MovieBuffUITests.xctest */;
			productType = "com.apple.product-type.bundle.ui-testing";
		};
/* End PBXNativeTarget section */

/* Begin PBXProject section */
		801A66301E38A1AD00F52526 /* Project object */ = {
			isa = PBXProject;
			attributes = {
				LastSwiftUpdateCheck = 0820;
				LastUpgradeCheck = 1010;
				ORGANIZATIONNAME = Mahendra;
				TargetAttributes = {
					801A66371E38A1AD00F52526 = {
						CreatedOnToolsVersion = 8.2.1;
						DevelopmentTeam = RAKRWMN9VH;
						LastSwiftMigration = 1010;
						ProvisioningStyle = Automatic;
					};
					801A664B1E38A1AD00F52526 = {
						CreatedOnToolsVersion = 8.2.1;
						LastSwiftMigration = 1010;
						ProvisioningStyle = Automatic;
						TestTargetID = 801A66371E38A1AD00F52526;
					};
					801A66561E38A1AD00F52526 = {
						CreatedOnToolsVersion = 8.2.1;
						LastSwiftMigration = 1010;
						ProvisioningStyle = Automatic;
						TestTargetID = 801A66371E38A1AD00F52526;
					};
				};
			};
			buildConfigurationList = 801A66331E38A1AD00F52526 /* Build configuration list for PBXProject "MovieBuff" */;
			compatibilityVersion = "Xcode 3.2";
			developmentRegion = English;
			hasScannedForEncodings = 0;
			knownRegions = (
				en,
				Base,
			);
			mainGroup = 801A662F1E38A1AD00F52526;
			productRefGroup = 801A66391E38A1AD00F52526 /* Products */;
			projectDirPath = "";
			projectRoot = "";
			targets = (
				801A66371E38A1AD00F52526 /* MovieBuff */,
				801A664B1E38A1AD00F52526 /* MovieBuffTests */,
				801A66561E38A1AD00F52526 /* MovieBuffUITests */,
			);
		};
/* End PBXProject section */

/* Begin PBXResourcesBuildPhase section */
		801A66361E38A1AD00F52526 /* Resources */ = {
			isa = PBXResourcesBuildPhase;
			buildActionMask = 2147483647;
			files = (
				801A66461E38A1AD00F52526 /* LaunchScreen.storyboard in Resources */,
				801A66431E38A1AD00F52526 /* Assets.xcassets in Resources */,
				804AA4321E3B78F400183AAC /* MovieStoryboard.storyboard in Resources */,
				801A66411E38A1AD00F52526 /* Main.storyboard in Resources */,
				801A666D1E38A3CA00F52526 /* HomeViewController.xib in Resources */,
			);
			runOnlyForDeploymentPostprocessing = 0;
		};
		801A664A1E38A1AD00F52526 /* Resources */ = {
			isa = PBXResourcesBuildPhase;
			buildActionMask = 2147483647;
			files = (
			);
			runOnlyForDeploymentPostprocessing = 0;
		};
		801A66551E38A1AD00F52526 /* Resources */ = {
			isa = PBXResourcesBuildPhase;
			buildActionMask = 2147483647;
			files = (
			);
			runOnlyForDeploymentPostprocessing = 0;
		};
/* End PBXResourcesBuildPhase section */

/* Begin PBXShellScriptBuildPhase section */
		6635AEA9B342DEAF2EB182BA /* [CP] Check Pods Manifest.lock */ = {
			isa = PBXShellScriptBuildPhase;
			buildActionMask = 2147483647;
			files = (
			);
			inputPaths = (
				"${PODS_PODFILE_DIR_PATH}/Podfile.lock",
				"${PODS_ROOT}/Manifest.lock",
			);
			name = "[CP] Check Pods Manifest.lock";
			outputPaths = (
				"$(DERIVED_FILE_DIR)/Pods-MovieBuff-checkManifestLockResult.txt",
			);
			runOnlyForDeploymentPostprocessing = 0;
			shellPath = /bin/sh;
			shellScript = "diff \"${PODS_PODFILE_DIR_PATH}/Podfile.lock\" \"${PODS_ROOT}/Manifest.lock\" > /dev/null\nif [ $? != 0 ] ; then\n    # print error to STDERR\n    echo \"error: The sandbox is not in sync with the Podfile.lock. Run 'pod install' or update your CocoaPods installation.\" >&2\n    exit 1\nfi\n# This output is used by Xcode 'outputs' to avoid re-running this script phase.\necho \"SUCCESS\" > \"${SCRIPT_OUTPUT_FILE_0}\"\n";
			showEnvVarsInLog = 0;
		};
		6E15BBA2A383EF82A10CDD81 /* [CP] Embed Pods Frameworks */ = {
			isa = PBXShellScriptBuildPhase;
			buildActionMask = 2147483647;
			files = (
			);
			inputPaths = (
				"${SRCROOT}/Pods/Target Support Files/Pods-MovieBuff/Pods-MovieBuff-frameworks.sh",
				"${BUILT_PRODUCTS_DIR}/Alamofire/Alamofire.framework",
				"${BUILT_PRODUCTS_DIR}/EmptyDataSet-Swift/EmptyDataSet_Swift.framework",
				"${BUILT_PRODUCTS_DIR}/Moya/Moya.framework",
				"${BUILT_PRODUCTS_DIR}/Result/Result.framework",
				"${BUILT_PRODUCTS_DIR}/SwiftSpinner/SwiftSpinner.framework",
			);
			name = "[CP] Embed Pods Frameworks";
			outputPaths = (
				"${TARGET_BUILD_DIR}/${FRAMEWORKS_FOLDER_PATH}/Alamofire.framework",
				"${TARGET_BUILD_DIR}/${FRAMEWORKS_FOLDER_PATH}/EmptyDataSet_Swift.framework",
				"${TARGET_BUILD_DIR}/${FRAMEWORKS_FOLDER_PATH}/Moya.framework",
				"${TARGET_BUILD_DIR}/${FRAMEWORKS_FOLDER_PATH}/Result.framework",
				"${TARGET_BUILD_DIR}/${FRAMEWORKS_FOLDER_PATH}/SwiftSpinner.framework",
			);
			runOnlyForDeploymentPostprocessing = 0;
			shellPath = /bin/sh;
			shellScript = "\"${SRCROOT}/Pods/Target Support Files/Pods-MovieBuff/Pods-MovieBuff-frameworks.sh\"\n";
			showEnvVarsInLog = 0;
		};
		9D04CDF30CB80B1ACE90E579 /* [CP] Check Pods Manifest.lock */ = {
			isa = PBXShellScriptBuildPhase;
			buildActionMask = 2147483647;
			files = (
			);
			inputPaths = (
				"${PODS_PODFILE_DIR_PATH}/Podfile.lock",
				"${PODS_ROOT}/Manifest.lock",
			);
			name = "[CP] Check Pods Manifest.lock";
			outputPaths = (
				"$(DERIVED_FILE_DIR)/Pods-MovieBuffUITests-checkManifestLockResult.txt",
			);
			runOnlyForDeploymentPostprocessing = 0;
			shellPath = /bin/sh;
			shellScript = "diff \"${PODS_PODFILE_DIR_PATH}/Podfile.lock\" \"${PODS_ROOT}/Manifest.lock\" > /dev/null\nif [ $? != 0 ] ; then\n    # print error to STDERR\n    echo \"error: The sandbox is not in sync with the Podfile.lock. Run 'pod install' or update your CocoaPods installation.\" >&2\n    exit 1\nfi\n# This output is used by Xcode 'outputs' to avoid re-running this script phase.\necho \"SUCCESS\" > \"${SCRIPT_OUTPUT_FILE_0}\"\n";
			showEnvVarsInLog = 0;
		};
		C5648CAF4C74AEFEC429BE72 /* [CP] Check Pods Manifest.lock */ = {
			isa = PBXShellScriptBuildPhase;
			buildActionMask = 2147483647;
			files = (
			);
			inputPaths = (
				"${PODS_PODFILE_DIR_PATH}/Podfile.lock",
				"${PODS_ROOT}/Manifest.lock",
			);
			name = "[CP] Check Pods Manifest.lock";
			outputPaths = (
				"$(DERIVED_FILE_DIR)/Pods-MovieBuffTests-checkManifestLockResult.txt",
			);
			runOnlyForDeploymentPostprocessing = 0;
			shellPath = /bin/sh;
			shellScript = "diff \"${PODS_PODFILE_DIR_PATH}/Podfile.lock\" \"${PODS_ROOT}/Manifest.lock\" > /dev/null\nif [ $? != 0 ] ; then\n    # print error to STDERR\n    echo \"error: The sandbox is not in sync with the Podfile.lock. Run 'pod install' or update your CocoaPods installation.\" >&2\n    exit 1\nfi\n# This output is used by Xcode 'outputs' to avoid re-running this script phase.\necho \"SUCCESS\" > \"${SCRIPT_OUTPUT_FILE_0}\"\n";
			showEnvVarsInLog = 0;
		};
/* End PBXShellScriptBuildPhase section */

/* Begin PBXSourcesBuildPhase section */
		801A66341E38A1AD00F52526 /* Sources */ = {
			isa = PBXSourcesBuildPhase;
			buildActionMask = 2147483647;
			files = (
				C854E07A20B6E2D900902A01 /* NetworkManager.swift in Sources */,
				807F2FCD1E93A59C0060AF65 /* Movie.swift in Sources */,
				C836255020DD017D00FEB5C9 /* MovieDetailsViewController.swift in Sources */,
				C802AF8720BC3B7200A9F639 /* ThumbnailCell.swift in Sources */,
				80506F061E5D6C27007D5C4B /* MovieServiceProtocol.swift in Sources */,
				809C5C921E5EB1A00057EA7B /* Title.swift in Sources */,
				804A659C1E5C6467003D5111 /* BaseFilmModel.swift in Sources */,
				809658ED1E88F0EB00FA5AF9 /* DataController.swift in Sources */,
				80F136C91E55CDA8003DEA2F /* WeMakeSitesMovieService.swift in Sources */,
				801A663C1E38A1AD00F52526 /* AppDelegate.swift in Sources */,
				80F136C71E55CBCA003DEA2F /* NetworkService.swift in Sources */,
				8091DD3E1E9BA92E0027DC49 /* TableViewModelProtocol.swift in Sources */,
				809C5C951E5EB5DB0057EA7B /* SearchViewModel.swift in Sources */,
				807F2FCB1E93A5240060AF65 /* MovieBuff.xcdatamodeld in Sources */,
				C836255120DD017D00FEB5C9 /* HomeViewController.swift in Sources */,
				80FE916C1E6965500041223F /* MovieDetailsViewModel.swift in Sources */,
				8091DD401E9BAA090027DC49 /* MovieWatchListViewModel.swift in Sources */,
				C836255320DD017D00FEB5C9 /* MovieWatchListViewController.swift in Sources */,
				80325BF91E71610E00DE9A1C /* TMDBDataParser.swift in Sources */,
				80FB48701EA8D806001E68CA /* BaseListViewController.swift in Sources */,
				C836255720DD048A00FEB5C9 /* MovieSearchViewController+SearchBar.swift in Sources */,
				C836255220DD017D00FEB5C9 /* MovieSearchViewController.swift in Sources */,
				80E009371E979B6800869801 /* UIUtilities.swift in Sources */,
				804A659A1E5C6404003D5111 /* Actor.swift in Sources */,
				C854E07820B6E1BC00902A01 /* ITunesService.swift in Sources */,
				C877BDEB20DA79570073D3D9 /* ImageTask.swift in Sources */,
				8028394F1E9F7D3500EA9D6A /* MovieHelper.swift in Sources */,
				80E5BFDE1E6FDBEB0014D190 /* TMDBService.swift in Sources */,
				C836255520DD022900FEB5C9 /* MovieSearchViewController+FlowLayout.swift in Sources */,
				80506F041E5D6AE7007D5C4B /* MovieDataProvider.swift in Sources */,
				802B2F4D1E727B40002C466C /* MovieSearchViewModel.swift in Sources */,
			);
			runOnlyForDeploymentPostprocessing = 0;
		};
		801A66481E38A1AD00F52526 /* Sources */ = {
			isa = PBXSourcesBuildPhase;
			buildActionMask = 2147483647;
			files = (
				801A66511E38A1AD00F52526 /* MovieBuffTests.swift in Sources */,
			);
			runOnlyForDeploymentPostprocessing = 0;
		};
		801A66531E38A1AD00F52526 /* Sources */ = {
			isa = PBXSourcesBuildPhase;
			buildActionMask = 2147483647;
			files = (
				801A665C1E38A1AD00F52526 /* MovieBuffUITests.swift in Sources */,
			);
			runOnlyForDeploymentPostprocessing = 0;
		};
/* End PBXSourcesBuildPhase section */

/* Begin PBXTargetDependency section */
		801A664E1E38A1AD00F52526 /* PBXTargetDependency */ = {
			isa = PBXTargetDependency;
			target = 801A66371E38A1AD00F52526 /* MovieBuff */;
			targetProxy = 801A664D1E38A1AD00F52526 /* PBXContainerItemProxy */;
		};
		801A66591E38A1AD00F52526 /* PBXTargetDependency */ = {
			isa = PBXTargetDependency;
			target = 801A66371E38A1AD00F52526 /* MovieBuff */;
			targetProxy = 801A66581E38A1AD00F52526 /* PBXContainerItemProxy */;
		};
/* End PBXTargetDependency section */

/* Begin PBXVariantGroup section */
		801A663F1E38A1AD00F52526 /* Main.storyboard */ = {
			isa = PBXVariantGroup;
			children = (
				801A66401E38A1AD00F52526 /* Base */,
			);
			name = Main.storyboard;
			sourceTree = "<group>";
		};
		801A66441E38A1AD00F52526 /* LaunchScreen.storyboard */ = {
			isa = PBXVariantGroup;
			children = (
				801A66451E38A1AD00F52526 /* Base */,
			);
			name = LaunchScreen.storyboard;
			sourceTree = "<group>";
		};
/* End PBXVariantGroup section */

/* Begin XCBuildConfiguration section */
		801A665E1E38A1AD00F52526 /* Debug */ = {
			isa = XCBuildConfiguration;
			buildSettings = {
				ALWAYS_EMBED_SWIFT_STANDARD_LIBRARIES = YES;
				ALWAYS_SEARCH_USER_PATHS = NO;
				CLANG_ANALYZER_NONNULL = YES;
				CLANG_CXX_LANGUAGE_STANDARD = "gnu++0x";
				CLANG_CXX_LIBRARY = "libc++";
				CLANG_ENABLE_MODULES = YES;
				CLANG_ENABLE_OBJC_ARC = YES;
				CLANG_WARN_BLOCK_CAPTURE_AUTORELEASING = YES;
				CLANG_WARN_BOOL_CONVERSION = YES;
				CLANG_WARN_COMMA = YES;
				CLANG_WARN_CONSTANT_CONVERSION = YES;
				CLANG_WARN_DEPRECATED_OBJC_IMPLEMENTATIONS = YES;
				CLANG_WARN_DIRECT_OBJC_ISA_USAGE = YES_ERROR;
				CLANG_WARN_DOCUMENTATION_COMMENTS = YES;
				CLANG_WARN_EMPTY_BODY = YES;
				CLANG_WARN_ENUM_CONVERSION = YES;
				CLANG_WARN_INFINITE_RECURSION = YES;
				CLANG_WARN_INT_CONVERSION = YES;
				CLANG_WARN_NON_LITERAL_NULL_CONVERSION = YES;
				CLANG_WARN_OBJC_IMPLICIT_RETAIN_SELF = YES;
				CLANG_WARN_OBJC_LITERAL_CONVERSION = YES;
				CLANG_WARN_OBJC_ROOT_CLASS = YES_ERROR;
				CLANG_WARN_RANGE_LOOP_ANALYSIS = YES;
				CLANG_WARN_STRICT_PROTOTYPES = YES;
				CLANG_WARN_SUSPICIOUS_MOVE = YES;
				CLANG_WARN_UNREACHABLE_CODE = YES;
				CLANG_WARN__DUPLICATE_METHOD_MATCH = YES;
				"CODE_SIGN_IDENTITY[sdk=iphoneos*]" = "iPhone Developer";
				COPY_PHASE_STRIP = NO;
				DEBUG_INFORMATION_FORMAT = dwarf;
				ENABLE_STRICT_OBJC_MSGSEND = YES;
				ENABLE_TESTABILITY = YES;
				GCC_C_LANGUAGE_STANDARD = gnu99;
				GCC_DYNAMIC_NO_PIC = NO;
				GCC_NO_COMMON_BLOCKS = YES;
				GCC_OPTIMIZATION_LEVEL = 0;
				GCC_PREPROCESSOR_DEFINITIONS = (
					"DEBUG=1",
					"$(inherited)",
				);
				GCC_WARN_64_TO_32_BIT_CONVERSION = YES;
				GCC_WARN_ABOUT_RETURN_TYPE = YES_ERROR;
				GCC_WARN_UNDECLARED_SELECTOR = YES;
				GCC_WARN_UNINITIALIZED_AUTOS = YES_AGGRESSIVE;
				GCC_WARN_UNUSED_FUNCTION = YES;
				GCC_WARN_UNUSED_VARIABLE = YES;
				IPHONEOS_DEPLOYMENT_TARGET = 10.2;
				MTL_ENABLE_DEBUG_INFO = YES;
				ONLY_ACTIVE_ARCH = YES;
				SDKROOT = iphoneos;
				SWIFT_ACTIVE_COMPILATION_CONDITIONS = DEBUG;
				SWIFT_OPTIMIZATION_LEVEL = "-Onone";
				TARGETED_DEVICE_FAMILY = "1,2";
			};
			name = Debug;
		};
		801A665F1E38A1AD00F52526 /* Release */ = {
			isa = XCBuildConfiguration;
			buildSettings = {
				ALWAYS_EMBED_SWIFT_STANDARD_LIBRARIES = YES;
				ALWAYS_SEARCH_USER_PATHS = NO;
				CLANG_ANALYZER_NONNULL = YES;
				CLANG_CXX_LANGUAGE_STANDARD = "gnu++0x";
				CLANG_CXX_LIBRARY = "libc++";
				CLANG_ENABLE_MODULES = YES;
				CLANG_ENABLE_OBJC_ARC = YES;
				CLANG_WARN_BLOCK_CAPTURE_AUTORELEASING = YES;
				CLANG_WARN_BOOL_CONVERSION = YES;
				CLANG_WARN_COMMA = YES;
				CLANG_WARN_CONSTANT_CONVERSION = YES;
				CLANG_WARN_DEPRECATED_OBJC_IMPLEMENTATIONS = YES;
				CLANG_WARN_DIRECT_OBJC_ISA_USAGE = YES_ERROR;
				CLANG_WARN_DOCUMENTATION_COMMENTS = YES;
				CLANG_WARN_EMPTY_BODY = YES;
				CLANG_WARN_ENUM_CONVERSION = YES;
				CLANG_WARN_INFINITE_RECURSION = YES;
				CLANG_WARN_INT_CONVERSION = YES;
				CLANG_WARN_NON_LITERAL_NULL_CONVERSION = YES;
				CLANG_WARN_OBJC_IMPLICIT_RETAIN_SELF = YES;
				CLANG_WARN_OBJC_LITERAL_CONVERSION = YES;
				CLANG_WARN_OBJC_ROOT_CLASS = YES_ERROR;
				CLANG_WARN_RANGE_LOOP_ANALYSIS = YES;
				CLANG_WARN_STRICT_PROTOTYPES = YES;
				CLANG_WARN_SUSPICIOUS_MOVE = YES;
				CLANG_WARN_UNREACHABLE_CODE = YES;
				CLANG_WARN__DUPLICATE_METHOD_MATCH = YES;
				"CODE_SIGN_IDENTITY[sdk=iphoneos*]" = "iPhone Developer";
				COPY_PHASE_STRIP = NO;
				DEBUG_INFORMATION_FORMAT = "dwarf-with-dsym";
				ENABLE_NS_ASSERTIONS = NO;
				ENABLE_STRICT_OBJC_MSGSEND = YES;
				GCC_C_LANGUAGE_STANDARD = gnu99;
				GCC_NO_COMMON_BLOCKS = YES;
				GCC_WARN_64_TO_32_BIT_CONVERSION = YES;
				GCC_WARN_ABOUT_RETURN_TYPE = YES_ERROR;
				GCC_WARN_UNDECLARED_SELECTOR = YES;
				GCC_WARN_UNINITIALIZED_AUTOS = YES_AGGRESSIVE;
				GCC_WARN_UNUSED_FUNCTION = YES;
				GCC_WARN_UNUSED_VARIABLE = YES;
				IPHONEOS_DEPLOYMENT_TARGET = 10.2;
				MTL_ENABLE_DEBUG_INFO = NO;
				SDKROOT = iphoneos;
				SWIFT_OPTIMIZATION_LEVEL = "-Owholemodule";
				TARGETED_DEVICE_FAMILY = "1,2";
				VALIDATE_PRODUCT = YES;
			};
			name = Release;
		};
		801A66611E38A1AD00F52526 /* Debug */ = {
			isa = XCBuildConfiguration;
			baseConfigurationReference = 33E1C4E811E2C3BDFEC8AD1B /* Pods-MovieBuff.debug.xcconfig */;
			buildSettings = {
				ASSETCATALOG_COMPILER_APPICON_NAME = AppIcon;
				CODE_SIGN_IDENTITY = "iPhone Developer";
				"CODE_SIGN_IDENTITY[sdk=iphoneos*]" = "iPhone Developer";
				DEVELOPMENT_TEAM = RAKRWMN9VH;
				INFOPLIST_FILE = MovieBuff/Info.plist;
				IPHONEOS_DEPLOYMENT_TARGET = 9.0;
				LD_RUNPATH_SEARCH_PATHS = "$(inherited) @executable_path/Frameworks";
				PRODUCT_BUNDLE_IDENTIFIER = com.ca.MovieBuff;
				PRODUCT_NAME = "$(TARGET_NAME)";
				PROVISIONING_PROFILE = "";
				PROVISIONING_PROFILE_SPECIFIER = "";
				"SWIFT_OBJC_BRIDGING_HEADER[arch=*]" = MovieBuff/UI/Utilities/Bridgingheader.h;
				SWIFT_SWIFT3_OBJC_INFERENCE = On;
				SWIFT_VERSION = 4.2;
				USER_HEADER_SEARCH_PATHS = "";
			};
			name = Debug;
		};
		801A66621E38A1AD00F52526 /* Release */ = {
			isa = XCBuildConfiguration;
			baseConfigurationReference = 818C30DC5FFBC18D6B505A8C /* Pods-MovieBuff.release.xcconfig */;
			buildSettings = {
				ASSETCATALOG_COMPILER_APPICON_NAME = AppIcon;
				CODE_SIGN_IDENTITY = "iPhone Developer";
				"CODE_SIGN_IDENTITY[sdk=iphoneos*]" = "iPhone Developer";
				DEVELOPMENT_TEAM = RAKRWMN9VH;
				INFOPLIST_FILE = MovieBuff/Info.plist;
				IPHONEOS_DEPLOYMENT_TARGET = 9.0;
				LD_RUNPATH_SEARCH_PATHS = "$(inherited) @executable_path/Frameworks";
				PRODUCT_BUNDLE_IDENTIFIER = com.ca.MovieBuff;
				PRODUCT_NAME = "$(TARGET_NAME)";
				PROVISIONING_PROFILE = "";
				PROVISIONING_PROFILE_SPECIFIER = "";
				"PROVISIONING_PROFILE_SPECIFIER[sdk=*]" = "";
				"SWIFT_OBJC_BRIDGING_HEADER[arch=*]" = MovieBuff/UI/Utilities/Bridgingheader.h;
				SWIFT_SWIFT3_OBJC_INFERENCE = On;
				SWIFT_VERSION = 4.2;
				USER_HEADER_SEARCH_PATHS = "";
			};
			name = Release;
		};
		801A66641E38A1AD00F52526 /* Debug */ = {
			isa = XCBuildConfiguration;
			baseConfigurationReference = A15026C5BCCC6712E52D6467 /* Pods-MovieBuffTests.debug.xcconfig */;
			buildSettings = {
				ALWAYS_EMBED_SWIFT_STANDARD_LIBRARIES = YES;
				BUNDLE_LOADER = "$(TEST_HOST)";
				INFOPLIST_FILE = MovieBuffTests/Info.plist;
				LD_RUNPATH_SEARCH_PATHS = "$(inherited) @executable_path/Frameworks @loader_path/Frameworks";
				PRODUCT_BUNDLE_IDENTIFIER = com.mahendra.MovieBuffTests;
				PRODUCT_NAME = "$(TARGET_NAME)";
				SWIFT_SWIFT3_OBJC_INFERENCE = On;
				SWIFT_VERSION = 4.2;
				TEST_HOST = "$(BUILT_PRODUCTS_DIR)/MovieBuff.app/MovieBuff";
			};
			name = Debug;
		};
		801A66651E38A1AD00F52526 /* Release */ = {
			isa = XCBuildConfiguration;
			baseConfigurationReference = F5FECF9ED22F04B6D2824525 /* Pods-MovieBuffTests.release.xcconfig */;
			buildSettings = {
				ALWAYS_EMBED_SWIFT_STANDARD_LIBRARIES = YES;
				BUNDLE_LOADER = "$(TEST_HOST)";
				INFOPLIST_FILE = MovieBuffTests/Info.plist;
				LD_RUNPATH_SEARCH_PATHS = "$(inherited) @executable_path/Frameworks @loader_path/Frameworks";
				PRODUCT_BUNDLE_IDENTIFIER = com.mahendra.MovieBuffTests;
				PRODUCT_NAME = "$(TARGET_NAME)";
				SWIFT_SWIFT3_OBJC_INFERENCE = On;
				SWIFT_VERSION = 4.2;
				TEST_HOST = "$(BUILT_PRODUCTS_DIR)/MovieBuff.app/MovieBuff";
			};
			name = Release;
		};
		801A66671E38A1AD00F52526 /* Debug */ = {
			isa = XCBuildConfiguration;
			baseConfigurationReference = C572D9AE509A29B190733789 /* Pods-MovieBuffUITests.debug.xcconfig */;
			buildSettings = {
				ALWAYS_EMBED_SWIFT_STANDARD_LIBRARIES = YES;
				INFOPLIST_FILE = MovieBuffUITests/Info.plist;
				LD_RUNPATH_SEARCH_PATHS = "$(inherited) @executable_path/Frameworks @loader_path/Frameworks";
				PRODUCT_BUNDLE_IDENTIFIER = com.mahendra.MovieBuffUITests;
				PRODUCT_NAME = "$(TARGET_NAME)";
				SWIFT_SWIFT3_OBJC_INFERENCE = On;
				SWIFT_VERSION = 4.2;
				TEST_TARGET_NAME = MovieBuff;
			};
			name = Debug;
		};
		801A66681E38A1AD00F52526 /* Release */ = {
			isa = XCBuildConfiguration;
			baseConfigurationReference = CFD87DFF292F38D7D1345745 /* Pods-MovieBuffUITests.release.xcconfig */;
			buildSettings = {
				ALWAYS_EMBED_SWIFT_STANDARD_LIBRARIES = YES;
				INFOPLIST_FILE = MovieBuffUITests/Info.plist;
				LD_RUNPATH_SEARCH_PATHS = "$(inherited) @executable_path/Frameworks @loader_path/Frameworks";
				PRODUCT_BUNDLE_IDENTIFIER = com.mahendra.MovieBuffUITests;
				PRODUCT_NAME = "$(TARGET_NAME)";
				SWIFT_SWIFT3_OBJC_INFERENCE = On;
				SWIFT_VERSION = 4.2;
				TEST_TARGET_NAME = MovieBuff;
			};
			name = Release;
		};
/* End XCBuildConfiguration section */

/* Begin XCConfigurationList section */
		801A66331E38A1AD00F52526 /* Build configuration list for PBXProject "MovieBuff" */ = {
			isa = XCConfigurationList;
			buildConfigurations = (
				801A665E1E38A1AD00F52526 /* Debug */,
				801A665F1E38A1AD00F52526 /* Release */,
			);
			defaultConfigurationIsVisible = 0;
			defaultConfigurationName = Release;
		};
		801A66601E38A1AD00F52526 /* Build configuration list for PBXNativeTarget "MovieBuff" */ = {
			isa = XCConfigurationList;
			buildConfigurations = (
				801A66611E38A1AD00F52526 /* Debug */,
				801A66621E38A1AD00F52526 /* Release */,
			);
			defaultConfigurationIsVisible = 0;
			defaultConfigurationName = Release;
		};
		801A66631E38A1AD00F52526 /* Build configuration list for PBXNativeTarget "MovieBuffTests" */ = {
			isa = XCConfigurationList;
			buildConfigurations = (
				801A66641E38A1AD00F52526 /* Debug */,
				801A66651E38A1AD00F52526 /* Release */,
			);
			defaultConfigurationIsVisible = 0;
			defaultConfigurationName = Release;
		};
		801A66661E38A1AD00F52526 /* Build configuration list for PBXNativeTarget "MovieBuffUITests" */ = {
			isa = XCConfigurationList;
			buildConfigurations = (
				801A66671E38A1AD00F52526 /* Debug */,
				801A66681E38A1AD00F52526 /* Release */,
			);
			defaultConfigurationIsVisible = 0;
			defaultConfigurationName = Release;
		};
/* End XCConfigurationList section */

/* Begin XCVersionGroup section */
		807F2FC91E93A5240060AF65 /* MovieBuff.xcdatamodeld */ = {
			isa = XCVersionGroup;
			children = (
				807F2FCA1E93A5240060AF65 /* MovieBuff.xcdatamodel */,
			);
			currentVersion = 807F2FCA1E93A5240060AF65 /* MovieBuff.xcdatamodel */;
			name = MovieBuff.xcdatamodeld;
			path = Persistence/MovieBuff.xcdatamodeld;
			sourceTree = "<group>";
			versionGroupType = wrapper.xcdatamodel;
		};
/* End XCVersionGroup section */
	};
	rootObject = 801A66301E38A1AD00F52526 /* Project object */;
}
